
Microsoft Visual Studio Solution File, Format Version 12.00
# Visual Studio Version 16
VisualStudioVersion = 16.0.29306.81
MinimumVisualStudioVersion = 10.0.40219.1
Project("{9A19103F-16F7-4668-BE54-9A1E7A4F7556}") = "QIWI-API", "QIWI-API.csproj", "{BA421CD1-98E0-48E7-A93D-A883925E04E5}"
EndProject
Project("{9A19103F-16F7-4668-BE54-9A1E7A4F7556}") = "MultiTool", "..\MultiTool\MultiTool.csproj", "{3CC31FCF-0317-46ED-A6CD-3814FAC078C1}"
EndProject
Global
	GlobalSection(SolutionConfigurationPlatforms) = preSolution
		Debug|Any CPU = Debug|Any CPU
		Release|Any CPU = Release|Any CPU
	EndGlobalSection
	GlobalSection(ProjectConfigurationPlatforms) = postSolution
		{BA421CD1-98E0-48E7-A93D-A883925E04E5}.Debug|Any CPU.ActiveCfg = Debug|Any CPU
		{BA421CD1-98E0-48E7-A93D-A883925E04E5}.Debug|Any CPU.Build.0 = Debug|Any CPU
		{BA421CD1-98E0-48E7-A93D-A883925E04E5}.Release|Any CPU.ActiveCfg = Release|Any CPU
		{BA421CD1-98E0-48E7-A93D-A883925E04E5}.Release|Any CPU.Build.0 = Release|Any CPU
		{3CC31FCF-0317-46ED-A6CD-3814FAC078C1}.Debug|Any CPU.ActiveCfg = Debug|Any CPU
		{3CC31FCF-0317-46ED-A6CD-3814FAC078C1}.Debug|Any CPU.Build.0 = Debug|Any CPU
		{3CC31FCF-0317-46ED-A6CD-3814FAC078C1}.Release|Any CPU.ActiveCfg = Release|Any CPU
		{3CC31FCF-0317-46ED-A6CD-3814FAC078C1}.Release|Any CPU.Build.0 = Release|Any CPU
	EndGlobalSection
	GlobalSection(SolutionProperties) = preSolution
		HideSolutionNode = FALSE
	EndGlobalSection
	GlobalSection(ExtensibilityGlobals) = postSolution
		SolutionGuid = {6542D4AA-49F3-4606-993D-83B301FFDA1B}
	EndGlobalSection
EndGlobal
